
Microsoft Visual Studio Solution File, Format Version 12.00
# Visual Studio Version 16
VisualStudioVersion = 16.0.30523.141
MinimumVisualStudioVersion = 10.0.40219.1
Project("{2150E333-8FDC-42A3-9474-1A3956D46DE8}") = "SimpleQueue", "SimpleQueue", "{332A15C3-A99C-4224-845E-9C7D51DB14E1}"
EndProject
Project("{9A19103F-16F7-4668-BE54-9A1E7A4F7556}") = "SimpleQueue.ClockServerApp", "SimpleQueue.ClockServerApp\SimpleQueue.ClockServerApp.csproj", "{1EC5BC30-3EC4-49FD-8CB9-34DC1287F04B}"
EndProject
Project("{9A19103F-16F7-4668-BE54-9A1E7A4F7556}") = "SimpleQueue.ClockClientApp", "SimpleQueue.ClockClientApp\SimpleQueue.ClockClientApp.csproj", "{49D6E793-C35A-4F0D-9CEA-EC1D2C6231E8}"
EndProject
Project("{2150E333-8FDC-42A3-9474-1A3956D46DE8}") = "Util", "Util", "{FA2698C7-96E8-4D7F-9ACD-29A6BE60A38F}"
EndProject
Project("{9A19103F-16F7-4668-BE54-9A1E7A4F7556}") = "Util.RabbitMQUtils", "Util.RabbitMQUtils\Util.RabbitMQUtils.csproj", "{AA70F879-96C1-45DE-8A5E-0FB1482AA755}"
EndProject
Project("{9A19103F-16F7-4668-BE54-9A1E7A4F7556}") = "Util.ConsoleUtils", "Util.ConsoleUtils\Util.ConsoleUtils.csproj", "{D1525FDA-B5FD-482E-BA06-AB30A972E50D}"
EndProject
Project("{2150E333-8FDC-42A3-9474-1A3956D46DE8}") = "WorkQueue", "WorkQueue", "{9C39B0E1-E9B1-4C2B-AF61-C43DAF5D92AD}"
EndProject
Project("{9A19103F-16F7-4668-BE54-9A1E7A4F7556}") = "WorkQueue.PrimeClientApp", "WorkQueue.PrimeClientApp\WorkQueue.PrimeClientApp.csproj", "{A2ED5134-B3B7-4A97-B3AD-560C423947A6}"
EndProject
Project("{9A19103F-16F7-4668-BE54-9A1E7A4F7556}") = "WorkQueue.PrimeServerApp", "WorkQueue.PrimeServerApp\WorkQueue.PrimeServerApp.csproj", "{B42EF7DE-2F51-4890-B4E6-840BB08C6794}"
EndProject
Project("{2150E333-8FDC-42A3-9474-1A3956D46DE8}") = "PublishSubscribe", "PublishSubscribe", "{12728B28-D4DD-4F07-AA17-F928F1B3A74C}"
EndProject
Project("{9A19103F-16F7-4668-BE54-9A1E7A4F7556}") = "PublishSubscribe.SortServerApp", "PublishSubscribe.SortServerApp\PublishSubscribe.SortServerApp.csproj", "{EA203D0F-B007-4BD3-905B-009A748840F0}"
EndProject
Project("{9A19103F-16F7-4668-BE54-9A1E7A4F7556}") = "PublishSubscribe.BubbleSortClientApp", "PublishSubscribe.BubbleSortClientApp\PublishSubscribe.BubbleSortClientApp.csproj", "{F35C9AF2-E4F0-436D-A066-D4381E0A2DF6}"
EndProject
Project("{9A19103F-16F7-4668-BE54-9A1E7A4F7556}") = "PublishSubscribe.QuickSortClientApp", "PublishSubscribe.QuickSortClientApp\PublishSubscribe.QuickSortClientApp.csproj", "{B692D902-688A-4311-89FE-27E230407EDA}"
EndProject
Project("{2150E333-8FDC-42A3-9474-1A3956D46DE8}") = "Routing", "Routing", "{B3E8BBC2-25D5-41B7-A75A-3FF8E03A3162}"
EndProject
Project("{9A19103F-16F7-4668-BE54-9A1E7A4F7556}") = "Routing.CalculatorServerApp", "Routing.CalculatorServerApp\Routing.CalculatorServerApp.csproj", "{8002014F-1A46-4D45-AD12-69AE3D9EFF6A}"
EndProject
Project("{9A19103F-16F7-4668-BE54-9A1E7A4F7556}") = "Routing.CalculatorAddClientApp", "Routing.CalculatorAddClientApp\Routing.CalculatorAddClientApp.csproj", "{B46059CE-0613-4EE8-ACDD-BC97F5786348}"
EndProject
Project("{9A19103F-16F7-4668-BE54-9A1E7A4F7556}") = "Routing.CalculatorSubClientApp", "Routing.CalculatorSubClientApp\Routing.CalculatorSubClientApp.csproj", "{848221CB-8791-4868-A33C-A6BE81083A1B}"
EndProject
Project("{9A19103F-16F7-4668-BE54-9A1E7A4F7556}") = "Routing.CalculatorMulClientApp", "Routing.CalculatorMulClientApp\Routing.CalculatorMulClientApp.csproj", "{B25E16BB-8F35-43CF-BA05-1254D92762E7}"
EndProject
Project("{9A19103F-16F7-4668-BE54-9A1E7A4F7556}") = "Routing.CalculatorDivClientApp", "Routing.CalculatorDivClientApp\Routing.CalculatorDivClientApp.csproj", "{34437924-FEEB-4010-94AA-25E24669FA2C}"
EndProject
Project("{2150E333-8FDC-42A3-9474-1A3956D46DE8}") = "RPC", "RPC", "{9C538453-AB10-4A36-8768-2B42E1BF35B1}"
EndProject
Project("{9A19103F-16F7-4668-BE54-9A1E7A4F7556}") = "RPC.FibServerApp", "RPC.FibServerApp\RPC.FibServerApp.csproj", "{AD6EDCE1-2B25-4779-96AB-1593F8F1F942}"
EndProject
Project("{9A19103F-16F7-4668-BE54-9A1E7A4F7556}") = "RPC.FibClientApp", "RPC.FibClientApp\RPC.FibClientApp.csproj", "{50043554-ABD4-4C70-B5F8-6B1EF468E732}"
EndProject
Project("{2150E333-8FDC-42A3-9474-1A3956D46DE8}") = "Topic", "Topic", "{5C6205AF-F634-4763-A6C3-98AAB0F9938A}"
EndProject
Project("{9A19103F-16F7-4668-BE54-9A1E7A4F7556}") = "Topic.ObserverClientApp", "Topic.ObserverClientApp\Topic.ObserverClientApp.csproj", "{D34D13A2-EF7B-44CF-AF81-BD12E38AF65D}"
EndProject
Project("{9A19103F-16F7-4668-BE54-9A1E7A4F7556}") = "Topic.ObserverServerApp", "Topic.ObserverServerApp\Topic.ObserverServerApp.csproj", "{3E759D16-BBDC-47B1-99B2-8F4D3C38AED8}"
EndProject
Project("{2150E333-8FDC-42A3-9474-1A3956D46DE8}") = "Fibonacci", "Fibonacci", "{E45080C0-62B2-436B-A97B-4FCC95D93883}"
EndProject
Project("{2150E333-8FDC-42A3-9474-1A3956D46DE8}") = "Clock", "Clock", "{9F6E334D-4AC8-4E78-929B-8307D60B46A0}"
EndProject
Project("{2150E333-8FDC-42A3-9474-1A3956D46DE8}") = "Observer", "Observer", "{DF5E99DE-44DB-4CB2-97A6-A7D099A58B01}"
EndProject
Project("{2150E333-8FDC-42A3-9474-1A3956D46DE8}") = "Prime", "Prime", "{8EF2D029-B451-47E7-9B06-A1DCC7B054D1}"
EndProject
Project("{2150E333-8FDC-42A3-9474-1A3956D46DE8}") = "Calculator", "Calculator", "{0048E50B-20D8-41B5-A927-99E451F6DA9A}"
EndProject
Project("{2150E333-8FDC-42A3-9474-1A3956D46DE8}") = "Sort", "Sort", "{CF59B2E2-509D-4917-B958-CBE2B59767EC}"
EndProject
Project("{2150E333-8FDC-42A3-9474-1A3956D46DE8}") = "Singleton", "Singleton", "{801A0A00-44D0-4052-8045-F29356C4A42C}"
EndProject
Project("{9A19103F-16F7-4668-BE54-9A1E7A4F7556}") = "RPC.SingletonClientApp", "RPC.SingletonClientApp\RPC.SingletonClientApp.csproj", "{005D4E66-93F1-4768-9130-F83DEE6EBD02}"
EndProject
Project("{9A19103F-16F7-4668-BE54-9A1E7A4F7556}") = "RPC.SingletonServerApp", "RPC.SingletonServerApp\RPC.SingletonServerApp.csproj", "{0E85391B-53B6-45FC-AD73-F2E22C288F8A}"
EndProject
Project("{2150E333-8FDC-42A3-9474-1A3956D46DE8}") = "PublisherConfirm", "PublisherConfirm", "{0D95D99B-F009-49EE-BC0F-96BF9EAB549B}"
EndProject
Project("{2150E333-8FDC-42A3-9474-1A3956D46DE8}") = "Builder", "Builder", "{77EB2B33-F90E-4E1F-8A5F-B646FC38FDC0}"
EndProject
Project("{9A19103F-16F7-4668-BE54-9A1E7A4F7556}") = "PublisherConfirm.BuilderDrinkServerApp", "PublisherConfirm.BuilderDrinkServerApp\PublisherConfirm.BuilderDrinkServerApp.csproj", "{DFD3A05C-EC93-4226-8A4B-44808E16F387}"
EndProject
Project("{9A19103F-16F7-4668-BE54-9A1E7A4F7556}") = "PublisherConfirm.BuilderBurgerServerApp", "PublisherConfirm.BuilderBurgerServerApp\PublisherConfirm.BuilderBurgerServerApp.csproj", "{C88269C3-62DB-4C03-A0AF-3343C78316C1}"
EndProject
Project("{9A19103F-16F7-4668-BE54-9A1E7A4F7556}") = "PublisherConfirm.BuilderMealClientApp", "PublisherConfirm.BuilderMealClientApp\PublisherConfirm.BuilderMealClientApp.csproj", "{6556EDE9-6B86-49BB-88D2-517A0DC3CE88}"
EndProject
Project("{9A19103F-16F7-4668-BE54-9A1E7A4F7556}") = "PublisherConfirm.BuilderModel", "PublisherConfirm.BuilderModel\PublisherConfirm.BuilderModel.csproj", "{5E0F1828-A444-4139-83C1-DDC82A22C606}"
EndProject
Project("{9A19103F-16F7-4668-BE54-9A1E7A4F7556}") = "PublisherConfirm.BuilderService", "PublisherConfirm.BuilderService\PublisherConfirm.BuilderService.csproj", "{20A77539-9AB9-4EB9-BB61-1B9857B76A61}"
EndProject
Project("{FAE04EC0-301F-11D3-BF4B-00C04F79EFBC}") = "Util.StringUtils", "Util.StringUtils\Util.StringUtils.csproj", "{D1798C95-364A-49C4-AEFE-AD97EDBD3118}"
EndProject
Global
	GlobalSection(SolutionConfigurationPlatforms) = preSolution
		Debug|Any CPU = Debug|Any CPU
		Release|Any CPU = Release|Any CPU
	EndGlobalSection
	GlobalSection(ProjectConfigurationPlatforms) = postSolution
		{1EC5BC30-3EC4-49FD-8CB9-34DC1287F04B}.Debug|Any CPU.ActiveCfg = Debug|Any CPU
		{1EC5BC30-3EC4-49FD-8CB9-34DC1287F04B}.Debug|Any CPU.Build.0 = Debug|Any CPU
		{1EC5BC30-3EC4-49FD-8CB9-34DC1287F04B}.Release|Any CPU.ActiveCfg = Release|Any CPU
		{1EC5BC30-3EC4-49FD-8CB9-34DC1287F04B}.Release|Any CPU.Build.0 = Release|Any CPU
		{49D6E793-C35A-4F0D-9CEA-EC1D2C6231E8}.Debug|Any CPU.ActiveCfg = Debug|Any CPU
		{49D6E793-C35A-4F0D-9CEA-EC1D2C6231E8}.Debug|Any CPU.Build.0 = Debug|Any CPU
		{49D6E793-C35A-4F0D-9CEA-EC1D2C6231E8}.Release|Any CPU.ActiveCfg = Release|Any CPU
		{49D6E793-C35A-4F0D-9CEA-EC1D2C6231E8}.Release|Any CPU.Build.0 = Release|Any CPU
		{AA70F879-96C1-45DE-8A5E-0FB1482AA755}.Debug|Any CPU.ActiveCfg = Debug|Any CPU
		{AA70F879-96C1-45DE-8A5E-0FB1482AA755}.Debug|Any CPU.Build.0 = Debug|Any CPU
		{AA70F879-96C1-45DE-8A5E-0FB1482AA755}.Release|Any CPU.ActiveCfg = Release|Any CPU
		{AA70F879-96C1-45DE-8A5E-0FB1482AA755}.Release|Any CPU.Build.0 = Release|Any CPU
		{D1525FDA-B5FD-482E-BA06-AB30A972E50D}.Debug|Any CPU.ActiveCfg = Debug|Any CPU
		{D1525FDA-B5FD-482E-BA06-AB30A972E50D}.Debug|Any CPU.Build.0 = Debug|Any CPU
		{D1525FDA-B5FD-482E-BA06-AB30A972E50D}.Release|Any CPU.ActiveCfg = Release|Any CPU
		{D1525FDA-B5FD-482E-BA06-AB30A972E50D}.Release|Any CPU.Build.0 = Release|Any CPU
		{A2ED5134-B3B7-4A97-B3AD-560C423947A6}.Debug|Any CPU.ActiveCfg = Debug|Any CPU
		{A2ED5134-B3B7-4A97-B3AD-560C423947A6}.Debug|Any CPU.Build.0 = Debug|Any CPU
		{A2ED5134-B3B7-4A97-B3AD-560C423947A6}.Release|Any CPU.ActiveCfg = Release|Any CPU
		{A2ED5134-B3B7-4A97-B3AD-560C423947A6}.Release|Any CPU.Build.0 = Release|Any CPU
		{B42EF7DE-2F51-4890-B4E6-840BB08C6794}.Debug|Any CPU.ActiveCfg = Debug|Any CPU
		{B42EF7DE-2F51-4890-B4E6-840BB08C6794}.Debug|Any CPU.Build.0 = Debug|Any CPU
		{B42EF7DE-2F51-4890-B4E6-840BB08C6794}.Release|Any CPU.ActiveCfg = Release|Any CPU
		{B42EF7DE-2F51-4890-B4E6-840BB08C6794}.Release|Any CPU.Build.0 = Release|Any CPU
		{EA203D0F-B007-4BD3-905B-009A748840F0}.Debug|Any CPU.ActiveCfg = Debug|Any CPU
		{EA203D0F-B007-4BD3-905B-009A748840F0}.Debug|Any CPU.Build.0 = Debug|Any CPU
		{EA203D0F-B007-4BD3-905B-009A748840F0}.Release|Any CPU.ActiveCfg = Release|Any CPU
		{EA203D0F-B007-4BD3-905B-009A748840F0}.Release|Any CPU.Build.0 = Release|Any CPU
		{F35C9AF2-E4F0-436D-A066-D4381E0A2DF6}.Debug|Any CPU.ActiveCfg = Debug|Any CPU
		{F35C9AF2-E4F0-436D-A066-D4381E0A2DF6}.Debug|Any CPU.Build.0 = Debug|Any CPU
		{F35C9AF2-E4F0-436D-A066-D4381E0A2DF6}.Release|Any CPU.ActiveCfg = Release|Any CPU
		{F35C9AF2-E4F0-436D-A066-D4381E0A2DF6}.Release|Any CPU.Build.0 = Release|Any CPU
		{B692D902-688A-4311-89FE-27E230407EDA}.Debug|Any CPU.ActiveCfg = Debug|Any CPU
		{B692D902-688A-4311-89FE-27E230407EDA}.Debug|Any CPU.Build.0 = Debug|Any CPU
		{B692D902-688A-4311-89FE-27E230407EDA}.Release|Any CPU.ActiveCfg = Release|Any CPU
		{B692D902-688A-4311-89FE-27E230407EDA}.Release|Any CPU.Build.0 = Release|Any CPU
		{8002014F-1A46-4D45-AD12-69AE3D9EFF6A}.Debug|Any CPU.ActiveCfg = Debug|Any CPU
		{8002014F-1A46-4D45-AD12-69AE3D9EFF6A}.Debug|Any CPU.Build.0 = Debug|Any CPU
		{8002014F-1A46-4D45-AD12-69AE3D9EFF6A}.Release|Any CPU.ActiveCfg = Release|Any CPU
		{8002014F-1A46-4D45-AD12-69AE3D9EFF6A}.Release|Any CPU.Build.0 = Release|Any CPU
		{B46059CE-0613-4EE8-ACDD-BC97F5786348}.Debug|Any CPU.ActiveCfg = Debug|Any CPU
		{B46059CE-0613-4EE8-ACDD-BC97F5786348}.Debug|Any CPU.Build.0 = Debug|Any CPU
		{B46059CE-0613-4EE8-ACDD-BC97F5786348}.Release|Any CPU.ActiveCfg = Release|Any CPU
		{B46059CE-0613-4EE8-ACDD-BC97F5786348}.Release|Any CPU.Build.0 = Release|Any CPU
		{848221CB-8791-4868-A33C-A6BE81083A1B}.Debug|Any CPU.ActiveCfg = Debug|Any CPU
		{848221CB-8791-4868-A33C-A6BE81083A1B}.Debug|Any CPU.Build.0 = Debug|Any CPU
		{848221CB-8791-4868-A33C-A6BE81083A1B}.Release|Any CPU.ActiveCfg = Release|Any CPU
		{848221CB-8791-4868-A33C-A6BE81083A1B}.Release|Any CPU.Build.0 = Release|Any CPU
		{B25E16BB-8F35-43CF-BA05-1254D92762E7}.Debug|Any CPU.ActiveCfg = Debug|Any CPU
		{B25E16BB-8F35-43CF-BA05-1254D92762E7}.Debug|Any CPU.Build.0 = Debug|Any CPU
		{B25E16BB-8F35-43CF-BA05-1254D92762E7}.Release|Any CPU.ActiveCfg = Release|Any CPU
		{B25E16BB-8F35-43CF-BA05-1254D92762E7}.Release|Any CPU.Build.0 = Release|Any CPU
		{34437924-FEEB-4010-94AA-25E24669FA2C}.Debug|Any CPU.ActiveCfg = Debug|Any CPU
		{34437924-FEEB-4010-94AA-25E24669FA2C}.Debug|Any CPU.Build.0 = Debug|Any CPU
		{34437924-FEEB-4010-94AA-25E24669FA2C}.Release|Any CPU.ActiveCfg = Release|Any CPU
		{34437924-FEEB-4010-94AA-25E24669FA2C}.Release|Any CPU.Build.0 = Release|Any CPU
		{AD6EDCE1-2B25-4779-96AB-1593F8F1F942}.Debug|Any CPU.ActiveCfg = Debug|Any CPU
		{AD6EDCE1-2B25-4779-96AB-1593F8F1F942}.Debug|Any CPU.Build.0 = Debug|Any CPU
		{AD6EDCE1-2B25-4779-96AB-1593F8F1F942}.Release|Any CPU.ActiveCfg = Release|Any CPU
		{AD6EDCE1-2B25-4779-96AB-1593F8F1F942}.Release|Any CPU.Build.0 = Release|Any CPU
		{50043554-ABD4-4C70-B5F8-6B1EF468E732}.Debug|Any CPU.ActiveCfg = Debug|Any CPU
		{50043554-ABD4-4C70-B5F8-6B1EF468E732}.Debug|Any CPU.Build.0 = Debug|Any CPU
		{50043554-ABD4-4C70-B5F8-6B1EF468E732}.Release|Any CPU.ActiveCfg = Release|Any CPU
		{50043554-ABD4-4C70-B5F8-6B1EF468E732}.Release|Any CPU.Build.0 = Release|Any CPU
		{D34D13A2-EF7B-44CF-AF81-BD12E38AF65D}.Debug|Any CPU.ActiveCfg = Debug|Any CPU
		{D34D13A2-EF7B-44CF-AF81-BD12E38AF65D}.Debug|Any CPU.Build.0 = Debug|Any CPU
		{D34D13A2-EF7B-44CF-AF81-BD12E38AF65D}.Release|Any CPU.ActiveCfg = Release|Any CPU
		{D34D13A2-EF7B-44CF-AF81-BD12E38AF65D}.Release|Any CPU.Build.0 = Release|Any CPU
		{3E759D16-BBDC-47B1-99B2-8F4D3C38AED8}.Debug|Any CPU.ActiveCfg = Debug|Any CPU
		{3E759D16-BBDC-47B1-99B2-8F4D3C38AED8}.Debug|Any CPU.Build.0 = Debug|Any CPU
		{3E759D16-BBDC-47B1-99B2-8F4D3C38AED8}.Release|Any CPU.ActiveCfg = Release|Any CPU
		{3E759D16-BBDC-47B1-99B2-8F4D3C38AED8}.Release|Any CPU.Build.0 = Release|Any CPU
		{005D4E66-93F1-4768-9130-F83DEE6EBD02}.Debug|Any CPU.ActiveCfg = Debug|Any CPU
		{005D4E66-93F1-4768-9130-F83DEE6EBD02}.Debug|Any CPU.Build.0 = Debug|Any CPU
		{005D4E66-93F1-4768-9130-F83DEE6EBD02}.Release|Any CPU.ActiveCfg = Release|Any CPU
		{005D4E66-93F1-4768-9130-F83DEE6EBD02}.Release|Any CPU.Build.0 = Release|Any CPU
		{0E85391B-53B6-45FC-AD73-F2E22C288F8A}.Debug|Any CPU.ActiveCfg = Debug|Any CPU
		{0E85391B-53B6-45FC-AD73-F2E22C288F8A}.Debug|Any CPU.Build.0 = Debug|Any CPU
		{0E85391B-53B6-45FC-AD73-F2E22C288F8A}.Release|Any CPU.ActiveCfg = Release|Any CPU
		{0E85391B-53B6-45FC-AD73-F2E22C288F8A}.Release|Any CPU.Build.0 = Release|Any CPU
		{DFD3A05C-EC93-4226-8A4B-44808E16F387}.Debug|Any CPU.ActiveCfg = Debug|Any CPU
		{DFD3A05C-EC93-4226-8A4B-44808E16F387}.Debug|Any CPU.Build.0 = Debug|Any CPU
		{DFD3A05C-EC93-4226-8A4B-44808E16F387}.Release|Any CPU.ActiveCfg = Release|Any CPU
		{DFD3A05C-EC93-4226-8A4B-44808E16F387}.Release|Any CPU.Build.0 = Release|Any CPU
		{C88269C3-62DB-4C03-A0AF-3343C78316C1}.Debug|Any CPU.ActiveCfg = Debug|Any CPU
		{C88269C3-62DB-4C03-A0AF-3343C78316C1}.Debug|Any CPU.Build.0 = Debug|Any CPU
		{C88269C3-62DB-4C03-A0AF-3343C78316C1}.Release|Any CPU.ActiveCfg = Release|Any CPU
		{C88269C3-62DB-4C03-A0AF-3343C78316C1}.Release|Any CPU.Build.0 = Release|Any CPU
		{6556EDE9-6B86-49BB-88D2-517A0DC3CE88}.Debug|Any CPU.ActiveCfg = Debug|Any CPU
		{6556EDE9-6B86-49BB-88D2-517A0DC3CE88}.Debug|Any CPU.Build.0 = Debug|Any CPU
		{6556EDE9-6B86-49BB-88D2-517A0DC3CE88}.Release|Any CPU.ActiveCfg = Release|Any CPU
		{6556EDE9-6B86-49BB-88D2-517A0DC3CE88}.Release|Any CPU.Build.0 = Release|Any CPU
		{5E0F1828-A444-4139-83C1-DDC82A22C606}.Debug|Any CPU.ActiveCfg = Debug|Any CPU
		{5E0F1828-A444-4139-83C1-DDC82A22C606}.Debug|Any CPU.Build.0 = Debug|Any CPU
		{5E0F1828-A444-4139-83C1-DDC82A22C606}.Release|Any CPU.ActiveCfg = Release|Any CPU
		{5E0F1828-A444-4139-83C1-DDC82A22C606}.Release|Any CPU.Build.0 = Release|Any CPU
		{20A77539-9AB9-4EB9-BB61-1B9857B76A61}.Debug|Any CPU.ActiveCfg = Debug|Any CPU
		{20A77539-9AB9-4EB9-BB61-1B9857B76A61}.Debug|Any CPU.Build.0 = Debug|Any CPU
		{20A77539-9AB9-4EB9-BB61-1B9857B76A61}.Release|Any CPU.ActiveCfg = Release|Any CPU
		{20A77539-9AB9-4EB9-BB61-1B9857B76A61}.Release|Any CPU.Build.0 = Release|Any CPU
		{D1798C95-364A-49C4-AEFE-AD97EDBD3118}.Debug|Any CPU.ActiveCfg = Debug|Any CPU
		{D1798C95-364A-49C4-AEFE-AD97EDBD3118}.Debug|Any CPU.Build.0 = Debug|Any CPU
		{D1798C95-364A-49C4-AEFE-AD97EDBD3118}.Release|Any CPU.ActiveCfg = Release|Any CPU
		{D1798C95-364A-49C4-AEFE-AD97EDBD3118}.Release|Any CPU.Build.0 = Release|Any CPU
	EndGlobalSection
	GlobalSection(SolutionProperties) = preSolution
		HideSolutionNode = FALSE
	EndGlobalSection
	GlobalSection(NestedProjects) = preSolution
		{1EC5BC30-3EC4-49FD-8CB9-34DC1287F04B} = {9F6E334D-4AC8-4E78-929B-8307D60B46A0}
		{49D6E793-C35A-4F0D-9CEA-EC1D2C6231E8} = {9F6E334D-4AC8-4E78-929B-8307D60B46A0}
		{AA70F879-96C1-45DE-8A5E-0FB1482AA755} = {FA2698C7-96E8-4D7F-9ACD-29A6BE60A38F}
		{D1525FDA-B5FD-482E-BA06-AB30A972E50D} = {FA2698C7-96E8-4D7F-9ACD-29A6BE60A38F}
		{A2ED5134-B3B7-4A97-B3AD-560C423947A6} = {8EF2D029-B451-47E7-9B06-A1DCC7B054D1}
		{B42EF7DE-2F51-4890-B4E6-840BB08C6794} = {8EF2D029-B451-47E7-9B06-A1DCC7B054D1}
		{EA203D0F-B007-4BD3-905B-009A748840F0} = {CF59B2E2-509D-4917-B958-CBE2B59767EC}
		{F35C9AF2-E4F0-436D-A066-D4381E0A2DF6} = {CF59B2E2-509D-4917-B958-CBE2B59767EC}
		{B692D902-688A-4311-89FE-27E230407EDA} = {CF59B2E2-509D-4917-B958-CBE2B59767EC}
		{8002014F-1A46-4D45-AD12-69AE3D9EFF6A} = {0048E50B-20D8-41B5-A927-99E451F6DA9A}
		{B46059CE-0613-4EE8-ACDD-BC97F5786348} = {0048E50B-20D8-41B5-A927-99E451F6DA9A}
		{848221CB-8791-4868-A33C-A6BE81083A1B} = {0048E50B-20D8-41B5-A927-99E451F6DA9A}
		{B25E16BB-8F35-43CF-BA05-1254D92762E7} = {0048E50B-20D8-41B5-A927-99E451F6DA9A}
		{34437924-FEEB-4010-94AA-25E24669FA2C} = {0048E50B-20D8-41B5-A927-99E451F6DA9A}
		{AD6EDCE1-2B25-4779-96AB-1593F8F1F942} = {E45080C0-62B2-436B-A97B-4FCC95D93883}
		{50043554-ABD4-4C70-B5F8-6B1EF468E732} = {E45080C0-62B2-436B-A97B-4FCC95D93883}
		{D34D13A2-EF7B-44CF-AF81-BD12E38AF65D} = {DF5E99DE-44DB-4CB2-97A6-A7D099A58B01}
		{3E759D16-BBDC-47B1-99B2-8F4D3C38AED8} = {DF5E99DE-44DB-4CB2-97A6-A7D099A58B01}
		{E45080C0-62B2-436B-A97B-4FCC95D93883} = {9C538453-AB10-4A36-8768-2B42E1BF35B1}
		{9F6E334D-4AC8-4E78-929B-8307D60B46A0} = {332A15C3-A99C-4224-845E-9C7D51DB14E1}
		{DF5E99DE-44DB-4CB2-97A6-A7D099A58B01} = {5C6205AF-F634-4763-A6C3-98AAB0F9938A}
		{8EF2D029-B451-47E7-9B06-A1DCC7B054D1} = {9C39B0E1-E9B1-4C2B-AF61-C43DAF5D92AD}
		{0048E50B-20D8-41B5-A927-99E451F6DA9A} = {B3E8BBC2-25D5-41B7-A75A-3FF8E03A3162}
		{CF59B2E2-509D-4917-B958-CBE2B59767EC} = {12728B28-D4DD-4F07-AA17-F928F1B3A74C}
		{801A0A00-44D0-4052-8045-F29356C4A42C} = {9C538453-AB10-4A36-8768-2B42E1BF35B1}
		{005D4E66-93F1-4768-9130-F83DEE6EBD02} = {801A0A00-44D0-4052-8045-F29356C4A42C}
		{0E85391B-53B6-45FC-AD73-F2E22C288F8A} = {801A0A00-44D0-4052-8045-F29356C4A42C}
		{77EB2B33-F90E-4E1F-8A5F-B646FC38FDC0} = {0D95D99B-F009-49EE-BC0F-96BF9EAB549B}
		{DFD3A05C-EC93-4226-8A4B-44808E16F387} = {77EB2B33-F90E-4E1F-8A5F-B646FC38FDC0}
		{C88269C3-62DB-4C03-A0AF-3343C78316C1} = {77EB2B33-F90E-4E1F-8A5F-B646FC38FDC0}
		{6556EDE9-6B86-49BB-88D2-517A0DC3CE88} = {77EB2B33-F90E-4E1F-8A5F-B646FC38FDC0}
		{5E0F1828-A444-4139-83C1-DDC82A22C606} = {77EB2B33-F90E-4E1F-8A5F-B646FC38FDC0}
		{20A77539-9AB9-4EB9-BB61-1B9857B76A61} = {77EB2B33-F90E-4E1F-8A5F-B646FC38FDC0}
		{D1798C95-364A-49C4-AEFE-AD97EDBD3118} = {FA2698C7-96E8-4D7F-9ACD-29A6BE60A38F}
	EndGlobalSection
	GlobalSection(ExtensibilityGlobals) = postSolution
		SolutionGuid = {196C31B1-B9FE-4D44-A01C-EEC62A20E940}
	EndGlobalSection
EndGlobal
